
Microsoft Visual Studio Solution File, Format Version 12.00
# Visual Studio Version 17
VisualStudioVersion = 17.5.2.0
MinimumVisualStudioVersion = 10.0.40219.1
Project("{FAE04EC0-301F-11D3-BF4B-00C04F79EFBC}") = "RabbitMqLab", "RabbitMqLab\RabbitMqLab.csproj", "{EE47C349-9FD1-8461-67BB-0B8B265C122A}"
EndProject
Project("{FAE04EC0-301F-11D3-BF4B-00C04F79EFBC}") = "RabbitMqLab.Producer", "RabbitMqLab.Producer\RabbitMqLab.Producer.csproj", "{AD43B7CC-5D1E-4832-99FB-588D611954ED}"
EndProject
Global
	GlobalSection(SolutionConfigurationPlatforms) = preSolution
		Debug|Any CPU = Debug|Any CPU
		Debug|x64 = Debug|x64
		Debug|x86 = Debug|x86
		Release|Any CPU = Release|Any CPU
		Release|x64 = Release|x64
		Release|x86 = Release|x86
	EndGlobalSection
	GlobalSection(ProjectConfigurationPlatforms) = postSolution
		{EE47C349-9FD1-8461-67BB-0B8B265C122A}.Debug|Any CPU.ActiveCfg = Debug|Any CPU
		{EE47C349-9FD1-8461-67BB-0B8B265C122A}.Debug|Any CPU.Build.0 = Debug|Any CPU
		{EE47C349-9FD1-8461-67BB-0B8B265C122A}.Debug|x64.ActiveCfg = Debug|Any CPU
		{EE47C349-9FD1-8461-67BB-0B8B265C122A}.Debug|x64.Build.0 = Debug|Any CPU
		{EE47C349-9FD1-8461-67BB-0B8B265C122A}.Debug|x86.ActiveCfg = Debug|Any CPU
		{EE47C349-9FD1-8461-67BB-0B8B265C122A}.Debug|x86.Build.0 = Debug|Any CPU
		{EE47C349-9FD1-8461-67BB-0B8B265C122A}.Release|Any CPU.ActiveCfg = Release|Any CPU
		{EE47C349-9FD1-8461-67BB-0B8B265C122A}.Release|Any CPU.Build.0 = Release|Any CPU
		{EE47C349-9FD1-8461-67BB-0B8B265C122A}.Release|x64.ActiveCfg = Release|Any CPU
		{EE47C349-9FD1-8461-67BB-0B8B265C122A}.Release|x64.Build.0 = Release|Any CPU
		{EE47C349-9FD1-8461-67BB-0B8B265C122A}.Release|x86.ActiveCfg = Release|Any CPU
		{EE47C349-9FD1-8461-67BB-0B8B265C122A}.Release|x86.Build.0 = Release|Any CPU
		{AD43B7CC-5D1E-4832-99FB-588D611954ED}.Debug|Any CPU.ActiveCfg = Debug|Any CPU
		{AD43B7CC-5D1E-4832-99FB-588D611954ED}.Debug|Any CPU.Build.0 = Debug|Any CPU
		{AD43B7CC-5D1E-4832-99FB-588D611954ED}.Debug|x64.ActiveCfg = Debug|Any CPU
		{AD43B7CC-5D1E-4832-99FB-588D611954ED}.Debug|x64.Build.0 = Debug|Any CPU
		{AD43B7CC-5D1E-4832-99FB-588D611954ED}.Debug|x86.ActiveCfg = Debug|Any CPU
		{AD43B7CC-5D1E-4832-99FB-588D611954ED}.Debug|x86.Build.0 = Debug|Any CPU
		{AD43B7CC-5D1E-4832-99FB-588D611954ED}.Release|Any CPU.ActiveCfg = Release|Any CPU
		{AD43B7CC-5D1E-4832-99FB-588D611954ED}.Release|Any CPU.Build.0 = Release|Any CPU
		{AD43B7CC-5D1E-4832-99FB-588D611954ED}.Release|x64.ActiveCfg = Release|Any CPU
		{AD43B7CC-5D1E-4832-99FB-588D611954ED}.Release|x64.Build.0 = Release|Any CPU
		{AD43B7CC-5D1E-4832-99FB-588D611954ED}.Release|x86.ActiveCfg = Release|Any CPU
		{AD43B7CC-5D1E-4832-99FB-588D611954ED}.Release|x86.Build.0 = Release|Any CPU
	EndGlobalSection
	GlobalSection(SolutionProperties) = preSolution
		HideSolutionNode = FALSE
	EndGlobalSection
	GlobalSection(ExtensibilityGlobals) = postSolution
		SolutionGuid = {282BA6EE-630E-423E-B157-4B3A93969630}
	EndGlobalSection
EndGlobal
